// !$*UTF8*$!
{
	archiveVersion = 1;
	classes = {
	};
	objectVersion = 50;
	objects = {

/* Begin PBXBuildFile section */
		BC3BFC162757AA0000923977 /* AppDelegate.m in Sources */ = {isa = PBXBuildFile; fileRef = BC3BFC152757AA0000923977 /* AppDelegate.m */; };
		BC3BFC192757AA0000923977 /* SceneDelegate.m in Sources */ = {isa = PBXBuildFile; fileRef = BC3BFC182757AA0000923977 /* SceneDelegate.m */; };
		BC3BFC1C2757AA0000923977 /* ViewController.m in Sources */ = {isa = PBXBuildFile; fileRef = BC3BFC1B2757AA0000923977 /* ViewController.m */; };
		BC3BFC1F2757AA0000923977 /* Main.storyboard in Resources */ = {isa = PBXBuildFile; fileRef = BC3BFC1D2757AA0000923977 /* Main.storyboard */; };
		BC3BFC212757AA0200923977 /* Assets.xcassets in Resources */ = {isa = PBXBuildFile; fileRef = BC3BFC202757AA0200923977 /* Assets.xcassets */; };
		BC3BFC242757AA0200923977 /* LaunchScreen.storyboard in Resources */ = {isa = PBXBuildFile; fileRef = BC3BFC222757AA0200923977 /* LaunchScreen.storyboard */; };
		BC3BFC272757AA0200923977 /* main.m in Sources */ = {isa = PBXBuildFile; fileRef = BC3BFC262757AA0200923977 /* main.m */; };
		BC3BFC312757ACB200923977 /* ViewController1.m in Sources */ = {isa = PBXBuildFile; fileRef = BC3BFC302757ACB200923977 /* ViewController1.m */; };
		BC3BFC372757B2AD00923977 /* But.m in Sources */ = {isa = PBXBuildFile; fileRef = BC3BFC362757B2AD00923977 /* But.m */; };
		CA7D6F8A8E4238E3D245B25B /* libPods-DevelopDemo.a in Frameworks */ = {isa = PBXBuildFile; fileRef = 422BE637A8A7706007BA60F4 /* libPods-DevelopDemo.a */; };
/* End PBXBuildFile section */

/* Begin PBXFileReference section */
		0A90C1598F9EA78FF8241115 /* Pods-DevelopDemo.release.xcconfig */ = {isa = PBXFileReference; includeInIndex = 1; lastKnownFileType = text.xcconfig; name = "Pods-DevelopDemo.release.xcconfig"; path = "Target Support Files/Pods-DevelopDemo/Pods-DevelopDemo.release.xcconfig"; sourceTree = "<group>"; };
		422BE637A8A7706007BA60F4 /* libPods-DevelopDemo.a */ = {isa = PBXFileReference; explicitFileType = archive.ar; includeInIndex = 0; path = "libPods-DevelopDemo.a"; sourceTree = BUILT_PRODUCTS_DIR; };
		AFB90253A5ED90C5BC556A25 /* Pods-DevelopDemo.debug.xcconfig */ = {isa = PBXFileReference; includeInIndex = 1; lastKnownFileType = text.xcconfig; name = "Pods-DevelopDemo.debug.xcconfig"; path = "Target Support Files/Pods-DevelopDemo/Pods-DevelopDemo.debug.xcconfig"; sourceTree = "<group>"; };
		BC3BFC112757AA0000923977 /* DevelopDemo.app */ = {isa = PBXFileReference; explicitFileType = wrapper.application; includeInIndex = 0; path = DevelopDemo.app; sourceTree = BUILT_PRODUCTS_DIR; };
		BC3BFC142757AA0000923977 /* AppDelegate.h */ = {isa = PBXFileReference; lastKnownFileType = sourcecode.c.h; path = AppDelegate.h; sourceTree = "<group>"; };
		BC3BFC152757AA0000923977 /* AppDelegate.m */ = {isa = PBXFileReference; lastKnownFileType = sourcecode.c.objc; path = AppDelegate.m; sourceTree = "<group>"; };
		BC3BFC172757AA0000923977 /* SceneDelegate.h */ = {isa = PBXFileReference; lastKnownFileType = sourcecode.c.h; path = SceneDelegate.h; sourceTree = "<group>"; };
		BC3BFC182757AA0000923977 /* SceneDelegate.m */ = {isa = PBXFileReference; lastKnownFileType = sourcecode.c.objc; path = SceneDelegate.m; sourceTree = "<group>"; };
		BC3BFC1A2757AA0000923977 /* ViewController.h */ = {isa = PBXFileReference; lastKnownFileType = sourcecode.c.h; path = ViewController.h; sourceTree = "<group>"; };
		BC3BFC1B2757AA0000923977 /* ViewController.m */ = {isa = PBXFileReference; lastKnownFileType = sourcecode.c.objc; path = ViewController.m; sourceTree = "<group>"; };
		BC3BFC1E2757AA0000923977 /* Base */ = {isa = PBXFileReference; lastKnownFileType = file.storyboard; name = Base; path = Base.lproj/Main.storyboard; sourceTree = "<group>"; };
		BC3BFC202757AA0200923977 /* Assets.xcassets */ = {isa = PBXFileReference; lastKnownFileType = folder.assetcatalog; path = Assets.xcassets; sourceTree = "<group>"; };
		BC3BFC232757AA0200923977 /* Base */ = {isa = PBXFileReference; lastKnownFileType = file.storyboard; name = Base; path = Base.lproj/LaunchScreen.storyboard; sourceTree = "<group>"; };
		BC3BFC252757AA0200923977 /* Info.plist */ = {isa = PBXFileReference; lastKnownFileType = text.plist.xml; path = Info.plist; sourceTree = "<group>"; };
		BC3BFC262757AA0200923977 /* main.m */ = {isa = PBXFileReference; lastKnownFileType = sourcecode.c.objc; path = main.m; sourceTree = "<group>"; };
		BC3BFC2F2757ACB200923977 /* ViewController1.h */ = {isa = PBXFileReference; lastKnownFileType = sourcecode.c.h; path = ViewController1.h; sourceTree = "<group>"; };
		BC3BFC302757ACB200923977 /* ViewController1.m */ = {isa = PBXFileReference; lastKnownFileType = sourcecode.c.objc; path = ViewController1.m; sourceTree = "<group>"; };
		BC3BFC332757AFAE00923977 /* PrefixHeader.pch */ = {isa = PBXFileReference; lastKnownFileType = sourcecode.c.h; path = PrefixHeader.pch; sourceTree = "<group>"; };
		BC3BFC352757B2AD00923977 /* But.h */ = {isa = PBXFileReference; lastKnownFileType = sourcecode.c.h; path = But.h; sourceTree = "<group>"; };
		BC3BFC362757B2AD00923977 /* But.m */ = {isa = PBXFileReference; lastKnownFileType = sourcecode.c.objc; path = But.m; sourceTree = "<group>"; };
/* End PBXFileReference section */

/* Begin PBXFrameworksBuildPhase section */
		BC3BFC0E2757AA0000923977 /* Frameworks */ = {
			isa = PBXFrameworksBuildPhase;
			buildActionMask = 2147483647;
			files = (
				CA7D6F8A8E4238E3D245B25B /* libPods-DevelopDemo.a in Frameworks */,
			);
			runOnlyForDeploymentPostprocessing = 0;
		};
/* End PBXFrameworksBuildPhase section */

/* Begin PBXGroup section */
		A237D635836A90A506CE14E6 /* Frameworks */ = {
			isa = PBXGroup;
			children = (
				422BE637A8A7706007BA60F4 /* libPods-DevelopDemo.a */,
			);
			name = Frameworks;
			sourceTree = "<group>";
		};
		A5014F3DCB335F6A0573EEC3 /* Pods */ = {
			isa = PBXGroup;
			children = (
				AFB90253A5ED90C5BC556A25 /* Pods-DevelopDemo.debug.xcconfig */,
				0A90C1598F9EA78FF8241115 /* Pods-DevelopDemo.release.xcconfig */,
			);
			path = Pods;
			sourceTree = "<group>";
		};
		BC3BFC082757AA0000923977 = {
			isa = PBXGroup;
			children = (
				BC3BFC132757AA0000923977 /* DevelopDemo */,
				BC3BFC122757AA0000923977 /* Products */,
				A5014F3DCB335F6A0573EEC3 /* Pods */,
				A237D635836A90A506CE14E6 /* Frameworks */,
			);
			sourceTree = "<group>";
		};
		BC3BFC122757AA0000923977 /* Products */ = {
			isa = PBXGroup;
			children = (
				BC3BFC112757AA0000923977 /* DevelopDemo.app */,
			);
			name = Products;
			sourceTree = "<group>";
		};
		BC3BFC132757AA0000923977 /* DevelopDemo */ = {
			isa = PBXGroup;
			children = (
				BC3BFC2D2757AC7C00923977 /* 按钮类效果 */,
				BC3BFC142757AA0000923977 /* AppDelegate.h */,
				BC3BFC152757AA0000923977 /* AppDelegate.m */,
				BC3BFC172757AA0000923977 /* SceneDelegate.h */,
				BC3BFC182757AA0000923977 /* SceneDelegate.m */,
				BC3BFC1A2757AA0000923977 /* ViewController.h */,
				BC3BFC1B2757AA0000923977 /* ViewController.m */,
				BC3BFC332757AFAE00923977 /* PrefixHeader.pch */,
				BC3BFC1D2757AA0000923977 /* Main.storyboard */,
				BC3BFC202757AA0200923977 /* Assets.xcassets */,
				BC3BFC222757AA0200923977 /* LaunchScreen.storyboard */,
				BC3BFC252757AA0200923977 /* Info.plist */,
				BC3BFC262757AA0200923977 /* main.m */,
			);
			path = DevelopDemo;
			sourceTree = "<group>";
		};
		BC3BFC2D2757AC7C00923977 /* 按钮类效果 */ = {
			isa = PBXGroup;
			children = (
				BC3BFC2E2757AC9800923977 /* 发光的按钮 */,
				BC3BFC342757B26700923977 /* 弹出式按钮 */,
			);
			path = "按钮类效果";
			sourceTree = "<group>";
		};
		BC3BFC2E2757AC9800923977 /* 发光的按钮 */ = {
			isa = PBXGroup;
			children = (
				BC3BFC2F2757ACB200923977 /* ViewController1.h */,
				BC3BFC302757ACB200923977 /* ViewController1.m */,
			);
			path = "发光的按钮";
			sourceTree = "<group>";
		};
		BC3BFC342757B26700923977 /* 弹出式按钮 */ = {
			isa = PBXGroup;
			children = (
				BC3BFC352757B2AD00923977 /* But.h */,
				BC3BFC362757B2AD00923977 /* But.m */,
			);
			path = "弹出式按钮";
			sourceTree = "<group>";
		};
/* End PBXGroup section */

/* Begin PBXNativeTarget section */
		BC3BFC102757AA0000923977 /* DevelopDemo */ = {
			isa = PBXNativeTarget;
			buildConfigurationList = BC3BFC2A2757AA0200923977 /* Build configuration list for PBXNativeTarget "DevelopDemo" */;
			buildPhases = (
				6EDFACE17F767C5C4937E317 /* [CP] Check Pods Manifest.lock */,
				BC3BFC0D2757AA0000923977 /* Sources */,
				BC3BFC0E2757AA0000923977 /* Frameworks */,
				BC3BFC0F2757AA0000923977 /* Resources */,
			);
			buildRules = (
			);
			dependencies = (
			);
			name = DevelopDemo;
			productName = DevelopDemo;
			productReference = BC3BFC112757AA0000923977 /* DevelopDemo.app */;
			productType = "com.apple.product-type.application";
		};
/* End PBXNativeTarget section */

/* Begin PBXProject section */
		BC3BFC092757AA0000923977 /* Project object */ = {
			isa = PBXProject;
			attributes = {
				LastUpgradeCheck = 1250;
				TargetAttributes = {
					BC3BFC102757AA0000923977 = {
						CreatedOnToolsVersion = 12.5.1;
					};
				};
			};
			buildConfigurationList = BC3BFC0C2757AA0000923977 /* Build configuration list for PBXProject "DevelopDemo" */;
			compatibilityVersion = "Xcode 9.3";
			developmentRegion = en;
			hasScannedForEncodings = 0;
			knownRegions = (
				en,
				Base,
			);
			mainGroup = BC3BFC082757AA0000923977;
			productRefGroup = BC3BFC122757AA0000923977 /* Products */;
			projectDirPath = "";
			projectRoot = "";
			targets = (
				BC3BFC102757AA0000923977 /* DevelopDemo */,
			);
		};
/* End PBXProject section */

/* Begin PBXResourcesBuildPhase section */
		BC3BFC0F2757AA0000923977 /* Resources */ = {
			isa = PBXResourcesBuildPhase;
			buildActionMask = 2147483647;
			files = (
				BC3BFC242757AA0200923977 /* LaunchScreen.storyboard in Resources */,
				BC3BFC212757AA0200923977 /* Assets.xcassets in Resources */,
				BC3BFC1F2757AA0000923977 /* Main.storyboard in Resources */,
			);
			runOnlyForDeploymentPostprocessing = 0;
		};
/* End PBXResourcesBuildPhase section */

/* Begin PBXShellScriptBuildPhase section */
		6EDFACE17F767C5C4937E317 /* [CP] Check Pods Manifest.lock */ = {
			isa = PBXShellScriptBuildPhase;
			buildActionMask = 2147483647;
			files = (
			);
			inputFileListPaths = (
			);
			inputPaths = (
				"${PODS_PODFILE_DIR_PATH}/Podfile.lock",
				"${PODS_ROOT}/Manifest.lock",
			);
			name = "[CP] Check Pods Manifest.lock";
			outputFileListPaths = (
			);
			outputPaths = (
				"$(DERIVED_FILE_DIR)/Pods-DevelopDemo-checkManifestLockResult.txt",
			);
			runOnlyForDeploymentPostprocessing = 0;
			shellPath = /bin/sh;
			shellScript = "diff \"${PODS_PODFILE_DIR_PATH}/Podfile.lock\" \"${PODS_ROOT}/Manifest.lock\" > /dev/null\nif [ $? != 0 ] ; then\n    # print error to STDERR\n    echo \"error: The sandbox is not in sync with the Podfile.lock. Run 'pod install' or update your CocoaPods installation.\" >&2\n    exit 1\nfi\n# This output is used by Xcode 'outputs' to avoid re-running this script phase.\necho \"SUCCESS\" > \"${SCRIPT_OUTPUT_FILE_0}\"\n";
			showEnvVarsInLog = 0;
		};
/* End PBXShellScriptBuildPhase section */

/* Begin PBXSourcesBuildPhase section */
		BC3BFC0D2757AA0000923977 /* Sources */ = {
			isa = PBXSourcesBuildPhase;
			buildActionMask = 2147483647;
			files = (
				BC3BFC312757ACB200923977 /* ViewController1.m in Sources */,
				BC3BFC1C2757AA0000923977 /* ViewController.m in Sources */,
				BC3BFC162757AA0000923977 /* AppDelegate.m in Sources */,
				BC3BFC372757B2AD00923977 /* But.m in Sources */,
				BC3BFC272757AA0200923977 /* main.m in Sources */,
				BC3BFC192757AA0000923977 /* SceneDelegate.m in Sources */,
			);
			runOnlyForDeploymentPostprocessing = 0;
		};
/* End PBXSourcesBuildPhase section */

/* Begin PBXVariantGroup section */
		BC3BFC1D2757AA0000923977 /* Main.storyboard */ = {
			isa = PBXVariantGroup;
			children = (
				BC3BFC1E2757AA0000923977 /* Base */,
			);
			name = Main.storyboard;
			sourceTree = "<group>";
		};
		BC3BFC222757AA0200923977 /* LaunchScreen.storyboard */ = {
			isa = PBXVariantGroup;
			children = (
				BC3BFC232757AA0200923977 /* Base */,
			);
			name = LaunchScreen.storyboard;
			sourceTree = "<group>";
		};
/* End PBXVariantGroup section */

/* Begin XCBuildConfiguration section */
		BC3BFC282757AA0200923977 /* Debug */ = {
			isa = XCBuildConfiguration;
			buildSettings = {
				ALWAYS_SEARCH_USER_PATHS = NO;
				CLANG_ANALYZER_NONNULL = YES;
				CLANG_ANALYZER_NUMBER_OBJECT_CONVERSION = YES_AGGRESSIVE;
				CLANG_CXX_LANGUAGE_STANDARD = "gnu++14";
				CLANG_CXX_LIBRARY = "libc++";
				CLANG_ENABLE_MODULES = YES;
				CLANG_ENABLE_OBJC_ARC = YES;
				CLANG_ENABLE_OBJC_WEAK = YES;
				CLANG_WARN_BLOCK_CAPTURE_AUTORELEASING = YES;
				CLANG_WARN_BOOL_CONVERSION = YES;
				CLANG_WARN_COMMA = YES;
				CLANG_WARN_CONSTANT_CONVERSION = YES;
				CLANG_WARN_DEPRECATED_OBJC_IMPLEMENTATIONS = YES;
				CLANG_WARN_DIRECT_OBJC_ISA_USAGE = YES_ERROR;
				CLANG_WARN_DOCUMENTATION_COMMENTS = YES;
				CLANG_WARN_EMPTY_BODY = YES;
				CLANG_WARN_ENUM_CONVERSION = YES;
				CLANG_WARN_INFINITE_RECURSION = YES;
				CLANG_WARN_INT_CONVERSION = YES;
				CLANG_WARN_NON_LITERAL_NULL_CONVERSION = YES;
				CLANG_WARN_OBJC_IMPLICIT_RETAIN_SELF = YES;
				CLANG_WARN_OBJC_LITERAL_CONVERSION = YES;
				CLANG_WARN_OBJC_ROOT_CLASS = YES_ERROR;
				CLANG_WARN_QUOTED_INCLUDE_IN_FRAMEWORK_HEADER = YES;
				CLANG_WARN_RANGE_LOOP_ANALYSIS = YES;
				CLANG_WARN_STRICT_PROTOTYPES = YES;
				CLANG_WARN_SUSPICIOUS_MOVE = YES;
				CLANG_WARN_UNGUARDED_AVAILABILITY = YES_AGGRESSIVE;
				CLANG_WARN_UNREACHABLE_CODE = YES;
				CLANG_WARN__DUPLICATE_METHOD_MATCH = YES;
				COPY_PHASE_STRIP = NO;
				DEBUG_INFORMATION_FORMAT = dwarf;
				ENABLE_STRICT_OBJC_MSGSEND = YES;
				ENABLE_TESTABILITY = YES;
				GCC_C_LANGUAGE_STANDARD = gnu11;
				GCC_DYNAMIC_NO_PIC = NO;
				GCC_NO_COMMON_BLOCKS = YES;
				GCC_OPTIMIZATION_LEVEL = 0;
				GCC_PREPROCESSOR_DEFINITIONS = (
					"DEBUG=1",
					"$(inherited)",
				);
				GCC_WARN_64_TO_32_BIT_CONVERSION = YES;
				GCC_WARN_ABOUT_RETURN_TYPE = YES_ERROR;
				GCC_WARN_UNDECLARED_SELECTOR = YES;
				GCC_WARN_UNINITIALIZED_AUTOS = YES_AGGRESSIVE;
				GCC_WARN_UNUSED_FUNCTION = YES;
				GCC_WARN_UNUSED_VARIABLE = YES;
				IPHONEOS_DEPLOYMENT_TARGET = 14.5;
				MTL_ENABLE_DEBUG_INFO = INCLUDE_SOURCE;
				MTL_FAST_MATH = YES;
				ONLY_ACTIVE_ARCH = YES;
				SDKROOT = iphoneos;
			};
			name = Debug;
		};
		BC3BFC292757AA0200923977 /* Release */ = {
			isa = XCBuildConfiguration;
			buildSettings = {
				ALWAYS_SEARCH_USER_PATHS = NO;
				CLANG_ANALYZER_NONNULL = YES;
				CLANG_ANALYZER_NUMBER_OBJECT_CONVERSION = YES_AGGRESSIVE;
				CLANG_CXX_LANGUAGE_STANDARD = "gnu++14";
				CLANG_CXX_LIBRARY = "libc++";
				CLANG_ENABLE_MODULES = YES;
				CLANG_ENABLE_OBJC_ARC = YES;
				CLANG_ENABLE_OBJC_WEAK = YES;
				CLANG_WARN_BLOCK_CAPTURE_AUTORELEASING = YES;
				CLANG_WARN_BOOL_CONVERSION = YES;
				CLANG_WARN_COMMA = YES;
				CLANG_WARN_CONSTANT_CONVERSION = YES;
				CLANG_WARN_DEPRECATED_OBJC_IMPLEMENTATIONS = YES;
				CLANG_WARN_DIRECT_OBJC_ISA_USAGE = YES_ERROR;
				CLANG_WARN_DOCUMENTATION_COMMENTS = YES;
				CLANG_WARN_EMPTY_BODY = YES;
				CLANG_WARN_ENUM_CONVERSION = YES;
				CLANG_WARN_INFINITE_RECURSION = YES;
				CLANG_WARN_INT_CONVERSION = YES;
				CLANG_WARN_NON_LITERAL_NULL_CONVERSION = YES;
				CLANG_WARN_OBJC_IMPLICIT_RETAIN_SELF = YES;
				CLANG_WARN_OBJC_LITERAL_CONVERSION = YES;
				CLANG_WARN_OBJC_ROOT_CLASS = YES_ERROR;
				CLANG_WARN_QUOTED_INCLUDE_IN_FRAMEWORK_HEADER = YES;
				CLANG_WARN_RANGE_LOOP_ANALYSIS = YES;
				CLANG_WARN_STRICT_PROTOTYPES = YES;
				CLANG_WARN_SUSPICIOUS_MOVE = YES;
				CLANG_WARN_UNGUARDED_AVAILABILITY = YES_AGGRESSIVE;
				CLANG_WARN_UNREACHABLE_CODE = YES;
				CLANG_WARN__DUPLICATE_METHOD_MATCH = YES;
				COPY_PHASE_STRIP = NO;
				DEBUG_INFORMATION_FORMAT = "dwarf-with-dsym";
				ENABLE_NS_ASSERTIONS = NO;
				ENABLE_STRICT_OBJC_MSGSEND = YES;
				GCC_C_LANGUAGE_STANDARD = gnu11;
				GCC_NO_COMMON_BLOCKS = YES;
				GCC_WARN_64_TO_32_BIT_CONVERSION = YES;
				GCC_WARN_ABOUT_RETURN_TYPE = YES_ERROR;
				GCC_WARN_UNDECLARED_SELECTOR = YES;
				GCC_WARN_UNINITIALIZED_AUTOS = YES_AGGRESSIVE;
				GCC_WARN_UNUSED_FUNCTION = YES;
				GCC_WARN_UNUSED_VARIABLE = YES;
				IPHONEOS_DEPLOYMENT_TARGET = 14.5;
				MTL_ENABLE_DEBUG_INFO = NO;
				MTL_FAST_MATH = YES;
				SDKROOT = iphoneos;
				VALIDATE_PRODUCT = YES;
			};
			name = Release;
		};
		BC3BFC2B2757AA0200923977 /* Debug */ = {
			isa = XCBuildConfiguration;
			baseConfigurationReference = AFB90253A5ED90C5BC556A25 /* Pods-DevelopDemo.debug.xcconfig */;
			buildSettings = {
				ASSETCATALOG_COMPILER_APPICON_NAME = AppIcon;
				ASSETCATALOG_COMPILER_GLOBAL_ACCENT_COLOR_NAME = AccentColor;
				CODE_SIGN_STYLE = Automatic;
				DEVELOPMENT_TEAM = XYYH624N6Z;
				GCC_PREFIX_HEADER = DevelopDemo/PrefixHeader.pch;
				INFOPLIST_FILE = DevelopDemo/Info.plist;
				LD_RUNPATH_SEARCH_PATHS = (
					"$(inherited)",
					"@executable_path/Frameworks",
				);
				PRODUCT_BUNDLE_IDENTIFIER = com.yyk.knowchatDis.DevelopDemo;
				PRODUCT_NAME = "$(TARGET_NAME)";
				TARGETED_DEVICE_FAMILY = "1,2";
			};
			name = Debug;
		};
		BC3BFC2C2757AA0200923977 /* Release */ = {
			isa = XCBuildConfiguration;
			baseConfigurationReference = 0A90C1598F9EA78FF8241115 /* Pods-DevelopDemo.release.xcconfig */;
			buildSettings = {
				ASSETCATALOG_COMPILER_APPICON_NAME = AppIcon;
				ASSETCATALOG_COMPILER_GLOBAL_ACCENT_COLOR_NAME = AccentColor;
				CODE_SIGN_STYLE = Automatic;
				DEVELOPMENT_TEAM = XYYH624N6Z;
				GCC_PREFIX_HEADER = DevelopDemo/PrefixHeader.pch;
				INFOPLIST_FILE = DevelopDemo/Info.plist;
				LD_RUNPATH_SEARCH_PATHS = (
					"$(inherited)",
					"@executable_path/Frameworks",
				);
				PRODUCT_BUNDLE_IDENTIFIER = com.yyk.knowchatDis.DevelopDemo;
				PRODUCT_NAME = "$(TARGET_NAME)";
				TARGETED_DEVICE_FAMILY = "1,2";
			};
			name = Release;
		};
/* End XCBuildConfiguration section */

/* Begin XCConfigurationList section */
		BC3BFC0C2757AA0000923977 /* Build configuration list for PBXProject "DevelopDemo" */ = {
			isa = XCConfigurationList;
			buildConfigurations = (
				BC3BFC282757AA0200923977 /* Debug */,
				BC3BFC292757AA0200923977 /* Release */,
			);
			defaultConfigurationIsVisible = 0;
			defaultConfigurationName = Release;
		};
		BC3BFC2A2757AA0200923977 /* Build configuration list for PBXNativeTarget "DevelopDemo" */ = {
			isa = XCConfigurationList;
			buildConfigurations = (
				BC3BFC2B2757AA0200923977 /* Debug */,
				BC3BFC2C2757AA0200923977 /* Release */,
			);
			defaultConfigurationIsVisible = 0;
			defaultConfigurationName = Release;
		};
/* End XCConfigurationList section */
	};
	rootObject = BC3BFC092757AA0000923977 /* Project object */;
}
